// !$*UTF8*$!
{
	archiveVersion = 1;
	classes = {
	};
	objectVersion = 46;
	objects = {

/* Begin PBXBuildFile section */
		BE8B044B1E286BCE000B42E3 /* main.m in Sources */ = {isa = PBXBuildFile; fileRef = BE8B044A1E286BCE000B42E3 /* main.m */; };
		BE8B044E1E286BCE000B42E3 /* AppDelegate.m in Sources */ = {isa = PBXBuildFile; fileRef = BE8B044D1E286BCE000B42E3 /* AppDelegate.m */; };
		BE8B04511E286BCE000B42E3 /* ViewController.m in Sources */ = {isa = PBXBuildFile; fileRef = BE8B04501E286BCE000B42E3 /* ViewController.m */; };
		BE8B04541E286BCE000B42E3 /* Main.storyboard in Resources */ = {isa = PBXBuildFile; fileRef = BE8B04521E286BCE000B42E3 /* Main.storyboard */; };
		BE8B04561E286BCE000B42E3 /* Assets.xcassets in Resources */ = {isa = PBXBuildFile; fileRef = BE8B04551E286BCE000B42E3 /* Assets.xcassets */; };
		BE8B04591E286BCE000B42E3 /* LaunchScreen.storyboard in Resources */ = {isa = PBXBuildFile; fileRef = BE8B04571E286BCE000B42E3 /* LaunchScreen.storyboard */; };
		BE8B04621E286C4F000B42E3 /* CoreGraphicsView.m in Sources */ = {isa = PBXBuildFile; fileRef = BE8B04611E286C4F000B42E3 /* CoreGraphicsView.m */; };
/* End PBXBuildFile section */

/* Begin PBXFileReference section */
		BE8B04461E286BCE000B42E3 /* CoreGraphicsDemo.app */ = {isa = PBXFileReference; explicitFileType = wrapper.application; includeInIndex = 0; path = CoreGraphicsDemo.app; sourceTree = BUILT_PRODUCTS_DIR; };
		BE8B044A1E286BCE000B42E3 /* main.m */ = {isa = PBXFileReference; lastKnownFileType = sourcecode.c.objc; path = main.m; sourceTree = "<group>"; };
		BE8B044C1E286BCE000B42E3 /* AppDelegate.h */ = {isa = PBXFileReference; lastKnownFileType = sourcecode.c.h; path = AppDelegate.h; sourceTree = "<group>"; };
		BE8B044D1E286BCE000B42E3 /* AppDelegate.m */ = {isa = PBXFileReference; lastKnownFileType = sourcecode.c.objc; path = AppDelegate.m; sourceTree = "<group>"; };
		BE8B044F1E286BCE000B42E3 /* ViewController.h */ = {isa = PBXFileReference; lastKnownFileType = sourcecode.c.h; path = ViewController.h; sourceTree = "<group>"; };
		BE8B04501E286BCE000B42E3 /* ViewController.m */ = {isa = PBXFileReference; lastKnownFileType = sourcecode.c.objc; path = ViewController.m; sourceTree = "<group>"; };
		BE8B04531E286BCE000B42E3 /* Base */ = {isa = PBXFileReference; lastKnownFileType = file.storyboard; name = Base; path = Base.lproj/Main.storyboard; sourceTree = "<group>"; };
		BE8B04551E286BCE000B42E3 /* Assets.xcassets */ = {isa = PBXFileReference; lastKnownFileType = folder.assetcatalog; path = Assets.xcassets; sourceTree = "<group>"; };
		BE8B04581E286BCE000B42E3 /* Base */ = {isa = PBXFileReference; lastKnownFileType = file.storyboard; name = Base; path = Base.lproj/LaunchScreen.storyboard; sourceTree = "<group>"; };
		BE8B045A1E286BCE000B42E3 /* Info.plist */ = {isa = PBXFileReference; lastKnownFileType = text.plist.xml; path = Info.plist; sourceTree = "<group>"; };
		BE8B04601E286C4F000B42E3 /* CoreGraphicsView.h */ = {isa = PBXFileReference; fileEncoding = 4; lastKnownFileType = sourcecode.c.h; path = CoreGraphicsView.h; sourceTree = "<group>"; };
		BE8B04611E286C4F000B42E3 /* CoreGraphicsView.m */ = {isa = PBXFileReference; fileEncoding = 4; lastKnownFileType = sourcecode.c.objc; path = CoreGraphicsView.m; sourceTree = "<group>"; };
/* End PBXFileReference section */

/* Begin PBXFrameworksBuildPhase section */
		BE8B04431E286BCE000B42E3 /* Frameworks */ = {
			isa = PBXFrameworksBuildPhase;
			buildActionMask = 2147483647;
			files = (
			);
			runOnlyForDeploymentPostprocessing = 0;
		};
/* End PBXFrameworksBuildPhase section */

/* Begin PBXGroup section */
		BE8B043D1E286BCE000B42E3 = {
			isa = PBXGroup;
			children = (
				BE8B04481E286BCE000B42E3 /* CoreGraphicsDemo */,
				BE8B04471E286BCE000B42E3 /* Products */,
			);
			sourceTree = "<group>";
		};
		BE8B04471E286BCE000B42E3 /* Products */ = {
			isa = PBXGroup;
			children = (
				BE8B04461E286BCE000B42E3 /* CoreGraphicsDemo.app */,
			);
			name = Products;
			sourceTree = "<group>";
		};
		BE8B04481E286BCE000B42E3 /* CoreGraphicsDemo */ = {
			isa = PBXGroup;
			children = (
				BE8B044C1E286BCE000B42E3 /* AppDelegate.h */,
				BE8B044D1E286BCE000B42E3 /* AppDelegate.m */,
				BE8B044F1E286BCE000B42E3 /* ViewController.h */,
				BE8B04501E286BCE000B42E3 /* ViewController.m */,
				BE8B04601E286C4F000B42E3 /* CoreGraphicsView.h */,
				BE8B04611E286C4F000B42E3 /* CoreGraphicsView.m */,
				BE8B04521E286BCE000B42E3 /* Main.storyboard */,
				BE8B04551E286BCE000B42E3 /* Assets.xcassets */,
				BE8B04571E286BCE000B42E3 /* LaunchScreen.storyboard */,
				BE8B045A1E286BCE000B42E3 /* Info.plist */,
				BE8B04491E286BCE000B42E3 /* Supporting Files */,
			);
			path = CoreGraphicsDemo;
			sourceTree = "<group>";
		};
		BE8B04491E286BCE000B42E3 /* Supporting Files */ = {
			isa = PBXGroup;
			children = (
				BE8B044A1E286BCE000B42E3 /* main.m */,
			);
			name = "Supporting Files";
			sourceTree = "<group>";
		};
/* End PBXGroup section */

/* Begin PBXNativeTarget section */
		BE8B04451E286BCE000B42E3 /* CoreGraphicsDemo */ = {
			isa = PBXNativeTarget;
			buildConfigurationList = BE8B045D1E286BCE000B42E3 /* Build configuration list for PBXNativeTarget "CoreGraphicsDemo" */;
			buildPhases = (
				BE8B04421E286BCE000B42E3 /* Sources */,
				BE8B04431E286BCE000B42E3 /* Frameworks */,
				BE8B04441E286BCE000B42E3 /* Resources */,
			);
			buildRules = (
			);
			dependencies = (
			);
			name = CoreGraphicsDemo;
			productName = CoreGraphicsDemo;
			productReference = BE8B04461E286BCE000B42E3 /* CoreGraphicsDemo.app */;
			productType = "com.apple.product-type.application";
		};
/* End PBXNativeTarget section */

/* Begin PBXProject section */
		BE8B043E1E286BCE000B42E3 /* Project object */ = {
			isa = PBXProject;
			attributes = {
				LastUpgradeCheck = 0800;
				ORGANIZATIONNAME = jyk;
				TargetAttributes = {
					BE8B04451E286BCE000B42E3 = {
						CreatedOnToolsVersion = 8.0;
						ProvisioningStyle = Automatic;
					};
				};
			};
			buildConfigurationList = BE8B04411E286BCE000B42E3 /* Build configuration list for PBXProject "CoreGraphicsDemo" */;
			compatibilityVersion = "Xcode 3.2";
			developmentRegion = English;
			hasScannedForEncodings = 0;
			knownRegions = (
				en,
				Base,
			);
			mainGroup = BE8B043D1E286BCE000B42E3;
			productRefGroup = BE8B04471E286BCE000B42E3 /* Products */;
			projectDirPath = "";
			projectRoot = "";
			targets = (
				BE8B04451E286BCE000B42E3 /* CoreGraphicsDemo */,
			);
		};
/* End PBXProject section */

/* Begin PBXResourcesBuildPhase section */
		BE8B04441E286BCE000B42E3 /* Resources */ = {
			isa = PBXResourcesBuildPhase;
			buildActionMask = 2147483647;
			files = (
				BE8B04591E286BCE000B42E3 /* LaunchScreen.storyboard in Resources */,
				BE8B04561E286BCE000B42E3 /* Assets.xcassets in Resources */,
				BE8B04541E286BCE000B42E3 /* Main.storyboard in Resources */,
			);
			runOnlyForDeploymentPostprocessing = 0;
		};
/* End PBXResourcesBuildPhase section */

/* Begin PBXSourcesBuildPhase section */
		BE8B04421E286BCE000B42E3 /* Sources */ = {
			isa = PBXSourcesBuildPhase;
			buildActionMask = 2147483647;
			files = (
				BE8B04511E286BCE000B42E3 /* ViewController.m in Sources */,
				BE8B044E1E286BCE000B42E3 /* AppDelegate.m in Sources */,
				BE8B04621E286C4F000B42E3 /* CoreGraphicsView.m in Sources */,
				BE8B044B1E286BCE000B42E3 /* main.m in Sources */,
			);
			runOnlyForDeploymentPostprocessing = 0;
		};
/* End PBXSourcesBuildPhase section */

/* Begin PBXVariantGroup section */
		BE8B04521E286BCE000B42E3 /* Main.storyboard */ = {
			isa = PBXVariantGroup;
			children = (
				BE8B04531E286BCE000B42E3 /* Base */,
			);
			name = Main.storyboard;
			sourceTree = "<group>";
		};
		BE8B04571E286BCE000B42E3 /* LaunchScreen.storyboard */ = {
			isa = PBXVariantGroup;
			children = (
				BE8B04581E286BCE000B42E3 /* Base */,
			);
			name = LaunchScreen.storyboard;
			sourceTree = "<group>";
		};
/* End PBXVariantGroup section */

/* Begin XCBuildConfiguration section */
		BE8B045B1E286BCE000B42E3 /* Debug */ = {
			isa = XCBuildConfiguration;
			buildSettings = {
				ALWAYS_SEARCH_USER_PATHS = NO;
				CLANG_ANALYZER_NONNULL = YES;
				CLANG_CXX_LANGUAGE_STANDARD = "gnu++0x";
				CLANG_CXX_LIBRARY = "libc++";
				CLANG_ENABLE_MODULES = YES;
				CLANG_ENABLE_OBJC_ARC = YES;
				CLANG_WARN_BOOL_CONVERSION = YES;
				CLANG_WARN_CONSTANT_CONVERSION = YES;
				CLANG_WARN_DIRECT_OBJC_ISA_USAGE = YES_ERROR;
				CLANG_WARN_DOCUMENTATION_COMMENTS = YES;
				CLANG_WARN_EMPTY_BODY = YES;
				CLANG_WARN_ENUM_CONVERSION = YES;
				CLANG_WARN_INFINITE_RECURSION = YES;
				CLANG_WARN_INT_CONVERSION = YES;
				CLANG_WARN_OBJC_ROOT_CLASS = YES_ERROR;
				CLANG_WARN_SUSPICIOUS_MOVES = YES;
				CLANG_WARN_UNREACHABLE_CODE = YES;
				CLANG_WARN__DUPLICATE_METHOD_MATCH = YES;
				"CODE_SIGN_IDENTITY[sdk=iphoneos*]" = "iPhone Developer";
				COPY_PHASE_STRIP = NO;
				DEBUG_INFORMATION_FORMAT = dwarf;
				ENABLE_STRICT_OBJC_MSGSEND = YES;
				ENABLE_TESTABILITY = YES;
				GCC_C_LANGUAGE_STANDARD = gnu99;
				GCC_DYNAMIC_NO_PIC = NO;
				GCC_NO_COMMON_BLOCKS = YES;
				GCC_OPTIMIZATION_LEVEL = 0;
				GCC_PREPROCESSOR_DEFINITIONS = (
					"DEBUG=1",
					"$(inherited)",
				);
				GCC_WARN_64_TO_32_BIT_CONVERSION = YES;
				GCC_WARN_ABOUT_RETURN_TYPE = YES_ERROR;
				GCC_WARN_UNDECLARED_SELECTOR = YES;
				GCC_WARN_UNINITIALIZED_AUTOS = YES_AGGRESSIVE;
				GCC_WARN_UNUSED_FUNCTION = YES;
				GCC_WARN_UNUSED_VARIABLE = YES;
				IPHONEOS_DEPLOYMENT_TARGET = 10.0;
				MTL_ENABLE_DEBUG_INFO = YES;
				ONLY_ACTIVE_ARCH = YES;
				SDKROOT = iphoneos;
			};
			name = Debug;
		};
		BE8B045C1E286BCE000B42E3 /* Release */ = {
			isa = XCBuildConfiguration;
			buildSettings = {
				ALWAYS_SEARCH_USER_PATHS = NO;
				CLANG_ANALYZER_NONNULL = YES;
				CLANG_CXX_LANGUAGE_STANDARD = "gnu++0x";
				CLANG_CXX_LIBRARY = "libc++";
				CLANG_ENABLE_MODULES = YES;
				CLANG_ENABLE_OBJC_ARC = YES;
				CLANG_WARN_BOOL_CONVERSION = YES;
				CLANG_WARN_CONSTANT_CONVERSION = YES;
				CLANG_WARN_DIRECT_OBJC_ISA_USAGE = YES_ERROR;
				CLANG_WARN_DOCUMENTATION_COMMENTS = YES;
				CLANG_WARN_EMPTY_BODY = YES;
				CLANG_WARN_ENUM_CONVERSION = YES;
				CLANG_WARN_INFINITE_RECURSION = YES;
				CLANG_WARN_INT_CONVERSION = YES;
				CLANG_WARN_OBJC_ROOT_CLASS = YES_ERROR;
				CLANG_WARN_SUSPICIOUS_MOVES = YES;
				CLANG_WARN_UNREACHABLE_CODE = YES;
				CLANG_WARN__DUPLICATE_METHOD_MATCH = YES;
				"CODE_SIGN_IDENTITY[sdk=iphoneos*]" = "iPhone Developer";
				COPY_PHASE_STRIP = NO;
				DEBUG_INFORMATION_FORMAT = "dwarf-with-dsym";
				ENABLE_NS_ASSERTIONS = NO;
				ENABLE_STRICT_OBJC_MSGSEND = YES;
				GCC_C_LANGUAGE_STANDARD = gnu99;
				GCC_NO_COMMON_BLOCKS = YES;
				GCC_WARN_64_TO_32_BIT_CONVERSION = YES;
				GCC_WARN_ABOUT_RETURN_TYPE = YES_ERROR;
				GCC_WARN_UNDECLARED_SELECTOR = YES;
				GCC_WARN_UNINITIALIZED_AUTOS = YES_AGGRESSIVE;
				GCC_WARN_UNUSED_FUNCTION = YES;
				GCC_WARN_UNUSED_VARIABLE = YES;
				IPHONEOS_DEPLOYMENT_TARGET = 10.0;
				MTL_ENABLE_DEBUG_INFO = NO;
				SDKROOT = iphoneos;
				VALIDATE_PRODUCT = YES;
			};
			name = Release;
		};
		BE8B045E1E286BCE000B42E3 /* Debug */ = {
			isa = XCBuildConfiguration;
			buildSettings = {
				ASSETCATALOG_COMPILER_APPICON_NAME = AppIcon;
				INFOPLIST_FILE = CoreGraphicsDemo/Info.plist;
				LD_RUNPATH_SEARCH_PATHS = "$(inherited) @executable_path/Frameworks";
				PRODUCT_BUNDLE_IDENTIFIER = com.jyk.CoreGraphicsDemo;
				PRODUCT_NAME = "$(TARGET_NAME)";
			};
			name = Debug;
		};
		BE8B045F1E286BCE000B42E3 /* Release */ = {
			isa = XCBuildConfiguration;
			buildSettings = {
				ASSETCATALOG_COMPILER_APPICON_NAME = AppIcon;
				INFOPLIST_FILE = CoreGraphicsDemo/Info.plist;
				LD_RUNPATH_SEARCH_PATHS = "$(inherited) @executable_path/Frameworks";
				PRODUCT_BUNDLE_IDENTIFIER = com.jyk.CoreGraphicsDemo;
				PRODUCT_NAME = "$(TARGET_NAME)";
			};
			name = Release;
		};
/* End XCBuildConfiguration section */

/* Begin XCConfigurationList section */
		BE8B04411E286BCE000B42E3 /* Build configuration list for PBXProject "CoreGraphicsDemo" */ = {
			isa = XCConfigurationList;
			buildConfigurations = (
				BE8B045B1E286BCE000B42E3 /* Debug */,
				BE8B045C1E286BCE000B42E3 /* Release */,
			);
			defaultConfigurationIsVisible = 0;
			defaultConfigurationName = Release;
		};
		BE8B045D1E286BCE000B42E3 /* Build configuration list for PBXNativeTarget "CoreGraphicsDemo" */ = {
			isa = XCConfigurationList;
			buildConfigurations = (
				BE8B045E1E286BCE000B42E3 /* Debug */,
				BE8B045F1E286BCE000B42E3 /* Release */,
			);
			defaultConfigurationIsVisible = 0;
		};
/* End XCConfigurationList section */
	};
	rootObject = BE8B043E1E286BCE000B42E3 /* Project object */;
}
